
Microsoft Visual Studio Solution File, Format Version 12.00
# Visual Studio Version 16
VisualStudioVersion = 16.0.29102.190
MinimumVisualStudioVersion = 10.0.40219.1
Project("{FAE04EC0-301F-11D3-BF4B-00C04F79EFBC}") = "Sdcb.Imaging", "Sdcb.Imaging\Sdcb.Imaging.csproj", "{7954BB61-DD32-441F-A078-D061F60FEF8F}"
EndProject
Project("{FAE04EC0-301F-11D3-BF4B-00C04F79EFBC}") = "Sdcb.Imaging.Test", "Sdcb.Imaging.Test\Sdcb.Imaging.Test.csproj", "{0AF2F9B0-3255-4C6E-95CB-468AD84495A6}"
EndProject
Global
	GlobalSection(SolutionConfigurationPlatforms) = preSolution
		Debug|Any CPU = Debug|Any CPU
		Release|Any CPU = Release|Any CPU
	EndGlobalSection
	GlobalSection(ProjectConfigurationPlatforms) = postSolution
		{7954BB61-DD32-441F-A078-D061F60FEF8F}.Debug|Any CPU.ActiveCfg = Debug|Any CPU
		{7954BB61-DD32-441F-A078-D061F60FEF8F}.Debug|Any CPU.Build.0 = Debug|Any CPU
		{7954BB61-DD32-441F-A078-D061F60FEF8F}.Release|Any CPU.ActiveCfg = Release|Any CPU
		{7954BB61-DD32-441F-A078-D061F60FEF8F}.Release|Any CPU.Build.0 = Release|Any CPU
		{0AF2F9B0-3255-4C6E-95CB-468AD84495A6}.Debug|Any CPU.ActiveCfg = Debug|Any CPU
		{0AF2F9B0-3255-4C6E-95CB-468AD84495A6}.Debug|Any CPU.Build.0 = Debug|Any CPU
		{0AF2F9B0-3255-4C6E-95CB-468AD84495A6}.Release|Any CPU.ActiveCfg = Release|Any CPU
		{0AF2F9B0-3255-4C6E-95CB-468AD84495A6}.Release|Any CPU.Build.0 = Release|Any CPU
	EndGlobalSection
	GlobalSection(SolutionProperties) = preSolution
		HideSolutionNode = FALSE
	EndGlobalSection
	GlobalSection(ExtensibilityGlobals) = postSolution
		SolutionGuid = {478E2608-6805-4F0B-83BF-9A053822FE14}
	EndGlobalSection
EndGlobal
